
Microsoft Visual Studio Solution File, Format Version 12.00
# Visual Studio Version 17
VisualStudioVersion = 17.2.32616.157
MinimumVisualStudioVersion = 10.0.40219.1
Project("{FAE04EC0-301F-11D3-BF4B-00C04F79EFBC}") = "if_risk", "if_risk\if_risk.csproj", "{4AFDDEEB-A40C-414B-91D0-37572A072547}"
EndProject
Project("{FAE04EC0-301F-11D3-BF4B-00C04F79EFBC}") = "if_risk_tests", "if_risk_tests\if_risk_tests.csproj", "{8BEA2BA9-1FB6-4F9F-B4BC-7DFD3B274E10}"
EndProject
Global
	GlobalSection(SolutionConfigurationPlatforms) = preSolution
		Debug|Any CPU = Debug|Any CPU
		Release|Any CPU = Release|Any CPU
	EndGlobalSection
	GlobalSection(ProjectConfigurationPlatforms) = postSolution
		{4AFDDEEB-A40C-414B-91D0-37572A072547}.Debug|Any CPU.ActiveCfg = Debug|Any CPU
		{4AFDDEEB-A40C-414B-91D0-37572A072547}.Debug|Any CPU.Build.0 = Debug|Any CPU
		{4AFDDEEB-A40C-414B-91D0-37572A072547}.Release|Any CPU.ActiveCfg = Release|Any CPU
		{4AFDDEEB-A40C-414B-91D0-37572A072547}.Release|Any CPU.Build.0 = Release|Any CPU
		{8BEA2BA9-1FB6-4F9F-B4BC-7DFD3B274E10}.Debug|Any CPU.ActiveCfg = Debug|Any CPU
		{8BEA2BA9-1FB6-4F9F-B4BC-7DFD3B274E10}.Debug|Any CPU.Build.0 = Debug|Any CPU
		{8BEA2BA9-1FB6-4F9F-B4BC-7DFD3B274E10}.Release|Any CPU.ActiveCfg = Release|Any CPU
		{8BEA2BA9-1FB6-4F9F-B4BC-7DFD3B274E10}.Release|Any CPU.Build.0 = Release|Any CPU
	EndGlobalSection
	GlobalSection(SolutionProperties) = preSolution
		HideSolutionNode = FALSE
	EndGlobalSection
	GlobalSection(ExtensibilityGlobals) = postSolution
		SolutionGuid = {BFE718B7-70BF-4A0E-8115-98A28328578D}
	EndGlobalSection
EndGlobal
